
Microsoft Visual Studio Solution File, Format Version 12.00
# Visual Studio Version 17
VisualStudioVersion = 17.7.34031.279
MinimumVisualStudioVersion = 10.0.40219.1
Project("{FAE04EC0-301F-11D3-BF4B-00C04F79EFBC}") = "Assignment 1", "Assignment 1\Assignment 1.csproj", "{8126E6A1-7518-4CCF-B707-1BA18F0325C9}"
EndProject
Project("{FAE04EC0-301F-11D3-BF4B-00C04F79EFBC}") = "assignment 2", "assignment 2\assignment 2.csproj", "{AB7D5139-50F2-4018-B8FE-3D8513687EE4}"
EndProject
Project("{FAE04EC0-301F-11D3-BF4B-00C04F79EFBC}") = "Assignment 3", "Assignment 3\Assignment 3.csproj", "{478E8542-1DAC-4FF2-86DD-7F7FF93126C2}"
EndProject
Global
	GlobalSection(SolutionConfigurationPlatforms) = preSolution
		Debug|Any CPU = Debug|Any CPU
		Release|Any CPU = Release|Any CPU
	EndGlobalSection
	GlobalSection(ProjectConfigurationPlatforms) = postSolution
		{8126E6A1-7518-4CCF-B707-1BA18F0325C9}.Debug|Any CPU.ActiveCfg = Debug|Any CPU
		{8126E6A1-7518-4CCF-B707-1BA18F0325C9}.Debug|Any CPU.Build.0 = Debug|Any CPU
		{8126E6A1-7518-4CCF-B707-1BA18F0325C9}.Release|Any CPU.ActiveCfg = Release|Any CPU
		{8126E6A1-7518-4CCF-B707-1BA18F0325C9}.Release|Any CPU.Build.0 = Release|Any CPU
		{AB7D5139-50F2-4018-B8FE-3D8513687EE4}.Debug|Any CPU.ActiveCfg = Debug|Any CPU
		{AB7D5139-50F2-4018-B8FE-3D8513687EE4}.Debug|Any CPU.Build.0 = Debug|Any CPU
		{AB7D5139-50F2-4018-B8FE-3D8513687EE4}.Release|Any CPU.ActiveCfg = Release|Any CPU
		{AB7D5139-50F2-4018-B8FE-3D8513687EE4}.Release|Any CPU.Build.0 = Release|Any CPU
		{478E8542-1DAC-4FF2-86DD-7F7FF93126C2}.Debug|Any CPU.ActiveCfg = Debug|Any CPU
		{478E8542-1DAC-4FF2-86DD-7F7FF93126C2}.Debug|Any CPU.Build.0 = Debug|Any CPU
		{478E8542-1DAC-4FF2-86DD-7F7FF93126C2}.Release|Any CPU.ActiveCfg = Release|Any CPU
		{478E8542-1DAC-4FF2-86DD-7F7FF93126C2}.Release|Any CPU.Build.0 = Release|Any CPU
	EndGlobalSection
	GlobalSection(SolutionProperties) = preSolution
		HideSolutionNode = FALSE
	EndGlobalSection
	GlobalSection(ExtensibilityGlobals) = postSolution
		SolutionGuid = {393C2871-2E1B-4D27-B4B6-7772B8A3FD8A}
	EndGlobalSection
EndGlobal
